// !$*UTF8*$!
{
	archiveVersion = 1;
	classes = {
	};
	objectVersion = 50;
	objects = {

/* Begin PBXBuildFile section */
		DC3814AC22FEA28400590EAA /* AppDelegate.swift in Sources */ = {isa = PBXBuildFile; fileRef = DC3814AB22FEA28400590EAA /* AppDelegate.swift */; };
		DC3814AE22FEA28400590EAA /* GameScene.sks in Resources */ = {isa = PBXBuildFile; fileRef = DC3814AD22FEA28400590EAA /* GameScene.sks */; };
		DC3814B022FEA28400590EAA /* Actions.sks in Resources */ = {isa = PBXBuildFile; fileRef = DC3814AF22FEA28400590EAA /* Actions.sks */; };
		DC3814B222FEA28400590EAA /* GameScene.swift in Sources */ = {isa = PBXBuildFile; fileRef = DC3814B122FEA28400590EAA /* GameScene.swift */; };
		DC3814B422FEA28400590EAA /* GameViewController.swift in Sources */ = {isa = PBXBuildFile; fileRef = DC3814B322FEA28400590EAA /* GameViewController.swift */; };
		DC3814B722FEA28400590EAA /* Main.storyboard in Resources */ = {isa = PBXBuildFile; fileRef = DC3814B522FEA28400590EAA /* Main.storyboard */; };
		DC3814B922FEA28500590EAA /* Assets.xcassets in Resources */ = {isa = PBXBuildFile; fileRef = DC3814B822FEA28500590EAA /* Assets.xcassets */; };
		DC3814BC22FEA28500590EAA /* LaunchScreen.storyboard in Resources */ = {isa = PBXBuildFile; fileRef = DC3814BA22FEA28500590EAA /* LaunchScreen.storyboard */; };
/* End PBXBuildFile section */

/* Begin PBXFileReference section */
		DC3814A822FEA28400590EAA /* Takuzu.app */ = {isa = PBXFileReference; explicitFileType = wrapper.application; includeInIndex = 0; path = Takuzu.app; sourceTree = BUILT_PRODUCTS_DIR; };
		DC3814AB22FEA28400590EAA /* AppDelegate.swift */ = {isa = PBXFileReference; lastKnownFileType = sourcecode.swift; path = AppDelegate.swift; sourceTree = "<group>"; };
		DC3814AD22FEA28400590EAA /* GameScene.sks */ = {isa = PBXFileReference; lastKnownFileType = file.sks; path = GameScene.sks; sourceTree = "<group>"; };
		DC3814AF22FEA28400590EAA /* Actions.sks */ = {isa = PBXFileReference; lastKnownFileType = file.sks; path = Actions.sks; sourceTree = "<group>"; };
		DC3814B122FEA28400590EAA /* GameScene.swift */ = {isa = PBXFileReference; lastKnownFileType = sourcecode.swift; path = GameScene.swift; sourceTree = "<group>"; };
		DC3814B322FEA28400590EAA /* GameViewController.swift */ = {isa = PBXFileReference; lastKnownFileType = sourcecode.swift; path = GameViewController.swift; sourceTree = "<group>"; };
		DC3814B622FEA28400590EAA /* Base */ = {isa = PBXFileReference; lastKnownFileType = file.storyboard; name = Base; path = Base.lproj/Main.storyboard; sourceTree = "<group>"; };
		DC3814B822FEA28500590EAA /* Assets.xcassets */ = {isa = PBXFileReference; lastKnownFileType = folder.assetcatalog; path = Assets.xcassets; sourceTree = "<group>"; };
		DC3814BB22FEA28500590EAA /* Base */ = {isa = PBXFileReference; lastKnownFileType = file.storyboard; name = Base; path = Base.lproj/LaunchScreen.storyboard; sourceTree = "<group>"; };
		DC3814BD22FEA28500590EAA /* Info.plist */ = {isa = PBXFileReference; lastKnownFileType = text.plist.xml; path = Info.plist; sourceTree = "<group>"; };
/* End PBXFileReference section */

/* Begin PBXFrameworksBuildPhase section */
		DC3814A522FEA28400590EAA /* Frameworks */ = {
			isa = PBXFrameworksBuildPhase;
			buildActionMask = 2147483647;
			files = (
			);
			runOnlyForDeploymentPostprocessing = 0;
		};
/* End PBXFrameworksBuildPhase section */

/* Begin PBXGroup section */
		DC38149F22FEA28400590EAA = {
			isa = PBXGroup;
			children = (
				DC3814AA22FEA28400590EAA /* Takuzu */,
				DC3814A922FEA28400590EAA /* Products */,
			);
			sourceTree = "<group>";
		};
		DC3814A922FEA28400590EAA /* Products */ = {
			isa = PBXGroup;
			children = (
				DC3814A822FEA28400590EAA /* Takuzu.app */,
			);
			name = Products;
			sourceTree = "<group>";
		};
		DC3814AA22FEA28400590EAA /* Takuzu */ = {
			isa = PBXGroup;
			children = (
				DC3814AB22FEA28400590EAA /* AppDelegate.swift */,
				DC3814AD22FEA28400590EAA /* GameScene.sks */,
				DC3814AF22FEA28400590EAA /* Actions.sks */,
				DC3814B122FEA28400590EAA /* GameScene.swift */,
				DC3814B322FEA28400590EAA /* GameViewController.swift */,
				DC3814B522FEA28400590EAA /* Main.storyboard */,
				DC3814B822FEA28500590EAA /* Assets.xcassets */,
				DC3814BA22FEA28500590EAA /* LaunchScreen.storyboard */,
				DC3814BD22FEA28500590EAA /* Info.plist */,
			);
			path = Takuzu;
			sourceTree = "<group>";
		};
/* End PBXGroup section */

/* Begin PBXNativeTarget section */
		DC3814A722FEA28400590EAA /* Takuzu */ = {
			isa = PBXNativeTarget;
			buildConfigurationList = DC3814C022FEA28500590EAA /* Build configuration list for PBXNativeTarget "Takuzu" */;
			buildPhases = (
				DC3814A422FEA28400590EAA /* Sources */,
				DC3814A522FEA28400590EAA /* Frameworks */,
				DC3814A622FEA28400590EAA /* Resources */,
			);
			buildRules = (
			);
			dependencies = (
			);
			name = Takuzu;
			productName = Takuzu;
			productReference = DC3814A822FEA28400590EAA /* Takuzu.app */;
			productType = "com.apple.product-type.application";
		};
/* End PBXNativeTarget section */

/* Begin PBXProject section */
		DC3814A022FEA28400590EAA /* Project object */ = {
			isa = PBXProject;
			attributes = {
				LastSwiftUpdateCheck = 1010;
				LastUpgradeCheck = 1010;
				ORGANIZATIONNAME = "Erland Isaksson";
				TargetAttributes = {
					DC3814A722FEA28400590EAA = {
						CreatedOnToolsVersion = 10.1;
					};
				};
			};
			buildConfigurationList = DC3814A322FEA28400590EAA /* Build configuration list for PBXProject "Takuzu" */;
			compatibilityVersion = "Xcode 9.3";
			developmentRegion = en;
			hasScannedForEncodings = 0;
			knownRegions = (
				en,
				Base,
			);
			mainGroup = DC38149F22FEA28400590EAA;
			productRefGroup = DC3814A922FEA28400590EAA /* Products */;
			projectDirPath = "";
			projectRoot = "";
			targets = (
				DC3814A722FEA28400590EAA /* Takuzu */,
			);
		};
/* End PBXProject section */

/* Begin PBXResourcesBuildPhase section */
		DC3814A622FEA28400590EAA /* Resources */ = {
			isa = PBXResourcesBuildPhase;
			buildActionMask = 2147483647;
			files = (
				DC3814B722FEA28400590EAA /* Main.storyboard in Resources */,
				DC3814AE22FEA28400590EAA /* GameScene.sks in Resources */,
				DC3814B922FEA28500590EAA /* Assets.xcassets in Resources */,
				DC3814BC22FEA28500590EAA /* LaunchScreen.storyboard in Resources */,
				DC3814B022FEA28400590EAA /* Actions.sks in Resources */,
			);
			runOnlyForDeploymentPostprocessing = 0;
		};
/* End PBXResourcesBuildPhase section */

/* Begin PBXSourcesBuildPhase section */
		DC3814A422FEA28400590EAA /* Sources */ = {
			isa = PBXSourcesBuildPhase;
			buildActionMask = 2147483647;
			files = (
				DC3814B222FEA28400590EAA /* GameScene.swift in Sources */,
				DC3814B422FEA28400590EAA /* GameViewController.swift in Sources */,
				DC3814AC22FEA28400590EAA /* AppDelegate.swift in Sources */,
			);
			runOnlyForDeploymentPostprocessing = 0;
		};
/* End PBXSourcesBuildPhase section */

/* Begin PBXVariantGroup section */
		DC3814B522FEA28400590EAA /* Main.storyboard */ = {
			isa = PBXVariantGroup;
			children = (
				DC3814B622FEA28400590EAA /* Base */,
			);
			name = Main.storyboard;
			sourceTree = "<group>";
		};
		DC3814BA22FEA28500590EAA /* LaunchScreen.storyboard */ = {
			isa = PBXVariantGroup;
			children = (
				DC3814BB22FEA28500590EAA /* Base */,
			);
			name = LaunchScreen.storyboard;
			sourceTree = "<group>";
		};
/* End PBXVariantGroup section */

/* Begin XCBuildConfiguration section */
		DC3814BE22FEA28500590EAA /* Debug */ = {
			isa = XCBuildConfiguration;
			buildSettings = {
				ALWAYS_SEARCH_USER_PATHS = NO;
				CLANG_ANALYZER_NONNULL = YES;
				CLANG_ANALYZER_NUMBER_OBJECT_CONVERSION = YES_AGGRESSIVE;
				CLANG_CXX_LANGUAGE_STANDARD = "gnu++14";
				CLANG_CXX_LIBRARY = "libc++";
				CLANG_ENABLE_MODULES = YES;
				CLANG_ENABLE_OBJC_ARC = YES;
				CLANG_ENABLE_OBJC_WEAK = YES;
				CLANG_WARN_BLOCK_CAPTURE_AUTORELEASING = YES;
				CLANG_WARN_BOOL_CONVERSION = YES;
				CLANG_WARN_COMMA = YES;
				CLANG_WARN_CONSTANT_CONVERSION = YES;
				CLANG_WARN_DEPRECATED_OBJC_IMPLEMENTATIONS = YES;
				CLANG_WARN_DIRECT_OBJC_ISA_USAGE = YES_ERROR;
				CLANG_WARN_DOCUMENTATION_COMMENTS = YES;
				CLANG_WARN_EMPTY_BODY = YES;
				CLANG_WARN_ENUM_CONVERSION = YES;
				CLANG_WARN_INFINITE_RECURSION = YES;
				CLANG_WARN_INT_CONVERSION = YES;
				CLANG_WARN_NON_LITERAL_NULL_CONVERSION = YES;
				CLANG_WARN_OBJC_IMPLICIT_RETAIN_SELF = YES;
				CLANG_WARN_OBJC_LITERAL_CONVERSION = YES;
				CLANG_WARN_OBJC_ROOT_CLASS = YES_ERROR;
				CLANG_WARN_RANGE_LOOP_ANALYSIS = YES;
				CLANG_WARN_STRICT_PROTOTYPES = YES;
				CLANG_WARN_SUSPICIOUS_MOVE = YES;
				CLANG_WARN_UNGUARDED_AVAILABILITY = YES_AGGRESSIVE;
				CLANG_WARN_UNREACHABLE_CODE = YES;
				CLANG_WARN__DUPLICATE_METHOD_MATCH = YES;
				CODE_SIGN_IDENTITY = "iPhone Developer";
				COPY_PHASE_STRIP = NO;
				DEBUG_INFORMATION_FORMAT = dwarf;
				ENABLE_STRICT_OBJC_MSGSEND = YES;
				ENABLE_TESTABILITY = YES;
				GCC_C_LANGUAGE_STANDARD = gnu11;
				GCC_DYNAMIC_NO_PIC = NO;
				GCC_NO_COMMON_BLOCKS = YES;
				GCC_OPTIMIZATION_LEVEL = 0;
				GCC_PREPROCESSOR_DEFINITIONS = (
					"DEBUG=1",
					"$(inherited)",
				);
				GCC_WARN_64_TO_32_BIT_CONVERSION = YES;
				GCC_WARN_ABOUT_RETURN_TYPE = YES_ERROR;
				GCC_WARN_UNDECLARED_SELECTOR = YES;
				GCC_WARN_UNINITIALIZED_AUTOS = YES_AGGRESSIVE;
				GCC_WARN_UNUSED_FUNCTION = YES;
				GCC_WARN_UNUSED_VARIABLE = YES;
				IPHONEOS_DEPLOYMENT_TARGET = 12.1;
				MTL_ENABLE_DEBUG_INFO = INCLUDE_SOURCE;
				MTL_FAST_MATH = YES;
				ONLY_ACTIVE_ARCH = YES;
				SDKROOT = iphoneos;
				SWIFT_ACTIVE_COMPILATION_CONDITIONS = DEBUG;
				SWIFT_OPTIMIZATION_LEVEL = "-Onone";
			};
			name = Debug;
		};
		DC3814BF22FEA28500590EAA /* Release */ = {
			isa = XCBuildConfiguration;
			buildSettings = {
				ALWAYS_SEARCH_USER_PATHS = NO;
				CLANG_ANALYZER_NONNULL = YES;
				CLANG_ANALYZER_NUMBER_OBJECT_CONVERSION = YES_AGGRESSIVE;
				CLANG_CXX_LANGUAGE_STANDARD = "gnu++14";
				CLANG_CXX_LIBRARY = "libc++";
				CLANG_ENABLE_MODULES = YES;
				CLANG_ENABLE_OBJC_ARC = YES;
				CLANG_ENABLE_OBJC_WEAK = YES;
				CLANG_WARN_BLOCK_CAPTURE_AUTORELEASING = YES;
				CLANG_WARN_BOOL_CONVERSION = YES;
				CLANG_WARN_COMMA = YES;
				CLANG_WARN_CONSTANT_CONVERSION = YES;
				CLANG_WARN_DEPRECATED_OBJC_IMPLEMENTATIONS = YES;
				CLANG_WARN_DIRECT_OBJC_ISA_USAGE = YES_ERROR;
				CLANG_WARN_DOCUMENTATION_COMMENTS = YES;
				CLANG_WARN_EMPTY_BODY = YES;
				CLANG_WARN_ENUM_CONVERSION = YES;
				CLANG_WARN_INFINITE_RECURSION = YES;
				CLANG_WARN_INT_CONVERSION = YES;
				CLANG_WARN_NON_LITERAL_NULL_CONVERSION = YES;
				CLANG_WARN_OBJC_IMPLICIT_RETAIN_SELF = YES;
				CLANG_WARN_OBJC_LITERAL_CONVERSION = YES;
				CLANG_WARN_OBJC_ROOT_CLASS = YES_ERROR;
				CLANG_WARN_RANGE_LOOP_ANALYSIS = YES;
				CLANG_WARN_STRICT_PROTOTYPES = YES;
				CLANG_WARN_SUSPICIOUS_MOVE = YES;
				CLANG_WARN_UNGUARDED_AVAILABILITY = YES_AGGRESSIVE;
				CLANG_WARN_UNREACHABLE_CODE = YES;
				CLANG_WARN__DUPLICATE_METHOD_MATCH = YES;
				CODE_SIGN_IDENTITY = "iPhone Developer";
				COPY_PHASE_STRIP = NO;
				DEBUG_INFORMATION_FORMAT = "dwarf-with-dsym";
				ENABLE_NS_ASSERTIONS = NO;
				ENABLE_STRICT_OBJC_MSGSEND = YES;
				GCC_C_LANGUAGE_STANDARD = gnu11;
				GCC_NO_COMMON_BLOCKS = YES;
				GCC_WARN_64_TO_32_BIT_CONVERSION = YES;
				GCC_WARN_ABOUT_RETURN_TYPE = YES_ERROR;
				GCC_WARN_UNDECLARED_SELECTOR = YES;
				GCC_WARN_UNINITIALIZED_AUTOS = YES_AGGRESSIVE;
				GCC_WARN_UNUSED_FUNCTION = YES;
				GCC_WARN_UNUSED_VARIABLE = YES;
				IPHONEOS_DEPLOYMENT_TARGET = 12.1;
				MTL_ENABLE_DEBUG_INFO = NO;
				MTL_FAST_MATH = YES;
				SDKROOT = iphoneos;
				SWIFT_COMPILATION_MODE = wholemodule;
				SWIFT_OPTIMIZATION_LEVEL = "-O";
				VALIDATE_PRODUCT = YES;
			};
			name = Release;
		};
		DC3814C122FEA28500590EAA /* Debug */ = {
			isa = XCBuildConfiguration;
			buildSettings = {
				ASSETCATALOG_COMPILER_APPICON_NAME = AppIcon;
				CODE_SIGN_STYLE = Automatic;
				DEVELOPMENT_TEAM = 6R6NEH26ZQ;
				INFOPLIST_FILE = Takuzu/Info.plist;
				LD_RUNPATH_SEARCH_PATHS = (
					"$(inherited)",
					"@executable_path/Frameworks",
				);
				PRODUCT_BUNDLE_IDENTIFIER = info.isaksson.erland.Takuzu;
				PRODUCT_NAME = "$(TARGET_NAME)";
				SWIFT_VERSION = 4.2;
				TARGETED_DEVICE_FAMILY = "1,2";
			};
			name = Debug;
		};
		DC3814C222FEA28500590EAA /* Release */ = {
			isa = XCBuildConfiguration;
			buildSettings = {
				ASSETCATALOG_COMPILER_APPICON_NAME = AppIcon;
				CODE_SIGN_STYLE = Automatic;
				DEVELOPMENT_TEAM = 6R6NEH26ZQ;
				INFOPLIST_FILE = Takuzu/Info.plist;
				LD_RUNPATH_SEARCH_PATHS = (
					"$(inherited)",
					"@executable_path/Frameworks",
				);
				PRODUCT_BUNDLE_IDENTIFIER = info.isaksson.erland.Takuzu;
				PRODUCT_NAME = "$(TARGET_NAME)";
				SWIFT_VERSION = 4.2;
				TARGETED_DEVICE_FAMILY = "1,2";
			};
			name = Release;
		};
/* End XCBuildConfiguration section */

/* Begin XCConfigurationList section */
		DC3814A322FEA28400590EAA /* Build configuration list for PBXProject "Takuzu" */ = {
			isa = XCConfigurationList;
			buildConfigurations = (
				DC3814BE22FEA28500590EAA /* Debug */,
				DC3814BF22FEA28500590EAA /* Release */,
			);
			defaultConfigurationIsVisible = 0;
			defaultConfigurationName = Release;
		};
		DC3814C022FEA28500590EAA /* Build configuration list for PBXNativeTarget "Takuzu" */ = {
			isa = XCConfigurationList;
			buildConfigurations = (
				DC3814C122FEA28500590EAA /* Debug */,
				DC3814C222FEA28500590EAA /* Release */,
			);
			defaultConfigurationIsVisible = 0;
			defaultConfigurationName = Release;
		};
/* End XCConfigurationList section */
	};
	rootObject = DC3814A022FEA28400590EAA /* Project object */;
}
