// !$*UTF8*$!
{
	archiveVersion = 1;
	classes = {
	};
	objectVersion = 50;
	objects = {

/* Begin PBXBuildFile section */
		DC3814AC22FEA28400590EAA /* AppDelegate.swift in Sources */ = {isa = PBXBuildFile; fileRef = DC3814AB22FEA28400590EAA /* AppDelegate.swift */; };
		DC3814B422FEA28400590EAA /* GameViewController.swift in Sources */ = {isa = PBXBuildFile; fileRef = DC3814B322FEA28400590EAA /* GameViewController.swift */; };
		DC3814B722FEA28400590EAA /* Main.storyboard in Resources */ = {isa = PBXBuildFile; fileRef = DC3814B522FEA28400590EAA /* Main.storyboard */; };
		DC3814B922FEA28500590EAA /* Assets.xcassets in Resources */ = {isa = PBXBuildFile; fileRef = DC3814B822FEA28500590EAA /* Assets.xcassets */; };
		DC3814BC22FEA28500590EAA /* LaunchScreen.storyboard in Resources */ = {isa = PBXBuildFile; fileRef = DC3814BA22FEA28500590EAA /* LaunchScreen.storyboard */; };
		DC3814C422FEA33500590EAA /* Array2D.swift in Sources */ = {isa = PBXBuildFile; fileRef = DC3814C322FEA33500590EAA /* Array2D.swift */; };
		DC3814CA22FEA34800590EAA /* BoardView.swift in Sources */ = {isa = PBXBuildFile; fileRef = DC3814C522FEA34800590EAA /* BoardView.swift */; };
		DC3814CB22FEA34800590EAA /* Board.swift in Sources */ = {isa = PBXBuildFile; fileRef = DC3814C622FEA34800590EAA /* Board.swift */; };
		DC3814CC22FEA34800590EAA /* BruteForceSolverBoard.swift in Sources */ = {isa = PBXBuildFile; fileRef = DC3814C722FEA34800590EAA /* BruteForceSolverBoard.swift */; };
		DC3814CD22FEA34800590EAA /* BoardGenerator.swift in Sources */ = {isa = PBXBuildFile; fileRef = DC3814C822FEA34800590EAA /* BoardGenerator.swift */; };
		DC3814CE22FEA34800590EAA /* BoardStorage.swift in Sources */ = {isa = PBXBuildFile; fileRef = DC3814C922FEA34800590EAA /* BoardStorage.swift */; };
		DC3814D022FEA35400590EAA /* GameDelegate.swift in Sources */ = {isa = PBXBuildFile; fileRef = DC3814CF22FEA35400590EAA /* GameDelegate.swift */; };
		DC3814DD22FEA39600590EAA /* SingleGameOverScene.swift in Sources */ = {isa = PBXBuildFile; fileRef = DC3814D122FEA39500590EAA /* SingleGameOverScene.swift */; };
		DC3814DE22FEA39600590EAA /* SelectLevelScene.swift in Sources */ = {isa = PBXBuildFile; fileRef = DC3814D222FEA39500590EAA /* SelectLevelScene.swift */; };
		DC3814DF22FEA39600590EAA /* SingleGameScene.sks in Resources */ = {isa = PBXBuildFile; fileRef = DC3814D322FEA39500590EAA /* SingleGameScene.sks */; };
		DC3814E022FEA39600590EAA /* SelectDifficultyScene.sks in Resources */ = {isa = PBXBuildFile; fileRef = DC3814D422FEA39600590EAA /* SelectDifficultyScene.sks */; };
		DC3814E122FEA39600590EAA /* SelectDifficultyScene.swift in Sources */ = {isa = PBXBuildFile; fileRef = DC3814D522FEA39600590EAA /* SelectDifficultyScene.swift */; };
		DC3814E222FEA39600590EAA /* SingleGameScene.swift in Sources */ = {isa = PBXBuildFile; fileRef = DC3814D622FEA39600590EAA /* SingleGameScene.swift */; };
		DC3814E322FEA39600590EAA /* SKScene+Localization.swift in Sources */ = {isa = PBXBuildFile; fileRef = DC3814D722FEA39600590EAA /* SKScene+Localization.swift */; };
		DC3814E422FEA39600590EAA /* SelectLevelScene.sks in Resources */ = {isa = PBXBuildFile; fileRef = DC3814D822FEA39600590EAA /* SelectLevelScene.sks */; };
		DC3814E622FEA39600590EAA /* SingleGameOverScene.sks in Resources */ = {isa = PBXBuildFile; fileRef = DC3814DA22FEA39600590EAA /* SingleGameOverScene.sks */; };
		DC3814E722FEA39600590EAA /* Number.swift in Sources */ = {isa = PBXBuildFile; fileRef = DC3814DB22FEA39600590EAA /* Number.swift */; };
		DC3814E822FEA39600590EAA /* NumberView.swift in Sources */ = {isa = PBXBuildFile; fileRef = DC3814DC22FEA39600590EAA /* NumberView.swift */; };
		DC3814EC22FEA70100590EAA /* Difficulty.swift in Sources */ = {isa = PBXBuildFile; fileRef = DC3814EB22FEA70100590EAA /* Difficulty.swift */; };
		DC3814EE22FEBA4500590EAA /* AbstractSolverBoard.swift in Sources */ = {isa = PBXBuildFile; fileRef = DC3814ED22FEBA4500590EAA /* AbstractSolverBoard.swift */; };
		DC3814F122FEBB4C00590EAA /* BoardHandler.swift in Sources */ = {isa = PBXBuildFile; fileRef = DC3814F022FEBB4C00590EAA /* BoardHandler.swift */; };
		DC3814F322FEC1C600590EAA /* SolverTechnique.swift in Sources */ = {isa = PBXBuildFile; fileRef = DC3814F222FEC1C600590EAA /* SolverTechnique.swift */; };
		DC3814F522FEC1E200590EAA /* TechniqueSolverBoard.swift in Sources */ = {isa = PBXBuildFile; fileRef = DC3814F422FEC1E200590EAA /* TechniqueSolverBoard.swift */; };
		DC3814F722FEC28B00590EAA /* TakuzuRepository.swift in Sources */ = {isa = PBXBuildFile; fileRef = DC3814F622FEC28B00590EAA /* TakuzuRepository.swift */; };
		DC3814F922FEC53300590EAA /* Pair.swift in Sources */ = {isa = PBXBuildFile; fileRef = DC3814F822FEC53300590EAA /* Pair.swift */; };
		DC3814FB22FEC56500590EAA /* CompleteRowColumn.swift in Sources */ = {isa = PBXBuildFile; fileRef = DC3814FA22FEC56500590EAA /* CompleteRowColumn.swift */; };
		DC3814FD22FEC59400590EAA /* AvoidTrio.swift in Sources */ = {isa = PBXBuildFile; fileRef = DC3814FC22FEC59400590EAA /* AvoidTrio.swift */; };
		DC3814FF22FEC5B000590EAA /* HiddenTrio.swift in Sources */ = {isa = PBXBuildFile; fileRef = DC3814FE22FEC5B000590EAA /* HiddenTrio.swift */; };
		DC38150122FEC5CD00590EAA /* UniqueRowColumn.swift in Sources */ = {isa = PBXBuildFile; fileRef = DC38150022FEC5CD00590EAA /* UniqueRowColumn.swift */; };
		DC3815022300296B00590EAA /* Localizable.strings in Resources */ = {isa = PBXBuildFile; fileRef = DC3815042300296B00590EAA /* Localizable.strings */; };
		DC38153F2301466A00590EAA /* PairTests.swift in Sources */ = {isa = PBXBuildFile; fileRef = DC38153E2301466A00590EAA /* PairTests.swift */; };
		DC38154723014B4200590EAA /* CompleteRowColumnTests.swift in Sources */ = {isa = PBXBuildFile; fileRef = DC38154623014B4200590EAA /* CompleteRowColumnTests.swift */; };
		DC38154923018FF500590EAA /* AvoidTrioTests.swift in Sources */ = {isa = PBXBuildFile; fileRef = DC38154823018FF500590EAA /* AvoidTrioTests.swift */; };
		DC38154B2301929200590EAA /* HiddenTrioTests.swift in Sources */ = {isa = PBXBuildFile; fileRef = DC38154A2301929200590EAA /* HiddenTrioTests.swift */; };
		DC38154D2301CD2900590EAA /* UniqueRowColumnTests.swift in Sources */ = {isa = PBXBuildFile; fileRef = DC38154C2301CD2900590EAA /* UniqueRowColumnTests.swift */; };
		DC38154F23029A8C00590EAA /* MultipleHiddenTrio.swift in Sources */ = {isa = PBXBuildFile; fileRef = DC38154E23029A8C00590EAA /* MultipleHiddenTrio.swift */; };
		DC38155123029AC600590EAA /* MultipleHiddenTrioTests.swift in Sources */ = {isa = PBXBuildFile; fileRef = DC38155023029AC600590EAA /* MultipleHiddenTrioTests.swift */; };
		DC3815532302A91400590EAA /* SolverVerifier.swift in Sources */ = {isa = PBXBuildFile; fileRef = DC3815522302A91400590EAA /* SolverVerifier.swift */; };
		DC3815552302E48300590EAA /* AbstractSolverBoardTests.swift in Sources */ = {isa = PBXBuildFile; fileRef = DC3815542302E48300590EAA /* AbstractSolverBoardTests.swift */; };
		DC3815792303D23C00590EAA /* AppDelegate.swift in Sources */ = {isa = PBXBuildFile; fileRef = DC3815782303D23C00590EAA /* AppDelegate.swift */; };
		DC3815832303D23D00590EAA /* _osx.xcassets in Resources */ = {isa = PBXBuildFile; fileRef = DC3815822303D23D00590EAA /* _osx.xcassets */; };
		DC3815862303D23D00590EAA /* Main.storyboard in Resources */ = {isa = PBXBuildFile; fileRef = DC3815842303D23D00590EAA /* Main.storyboard */; };
		DC38158C2303D37700590EAA /* Localizable.strings in Resources */ = {isa = PBXBuildFile; fileRef = DC3815042300296B00590EAA /* Localizable.strings */; };
		DC38158D2303D37B00590EAA /* SKScene+Localization.swift in Sources */ = {isa = PBXBuildFile; fileRef = DC3814D722FEA39600590EAA /* SKScene+Localization.swift */; };
		DC38158E2303D38800590EAA /* Assets.xcassets in Resources */ = {isa = PBXBuildFile; fileRef = DC3814B822FEA28500590EAA /* Assets.xcassets */; };
		DC38158F2303D38F00590EAA /* Difficulty.swift in Sources */ = {isa = PBXBuildFile; fileRef = DC3814EB22FEA70100590EAA /* Difficulty.swift */; };
		DC3815902303D39A00590EAA /* Array2D.swift in Sources */ = {isa = PBXBuildFile; fileRef = DC3814C322FEA33500590EAA /* Array2D.swift */; };
		DC3815912303D39A00590EAA /* Board.swift in Sources */ = {isa = PBXBuildFile; fileRef = DC3814C622FEA34800590EAA /* Board.swift */; };
		DC3815922303D39A00590EAA /* BoardGenerator.swift in Sources */ = {isa = PBXBuildFile; fileRef = DC3814C822FEA34800590EAA /* BoardGenerator.swift */; };
		DC3815932303D39A00590EAA /* BoardStorage.swift in Sources */ = {isa = PBXBuildFile; fileRef = DC3814C922FEA34800590EAA /* BoardStorage.swift */; };
		DC3815942303D39A00590EAA /* TakuzuRepository.swift in Sources */ = {isa = PBXBuildFile; fileRef = DC3814F622FEC28B00590EAA /* TakuzuRepository.swift */; };
		DC3815952303D39A00590EAA /* BoardView.swift in Sources */ = {isa = PBXBuildFile; fileRef = DC3814C522FEA34800590EAA /* BoardView.swift */; };
		DC3815962303D39A00590EAA /* AbstractSolverBoard.swift in Sources */ = {isa = PBXBuildFile; fileRef = DC3814ED22FEBA4500590EAA /* AbstractSolverBoard.swift */; };
		DC3815972303D39A00590EAA /* BruteForceSolverBoard.swift in Sources */ = {isa = PBXBuildFile; fileRef = DC3814C722FEA34800590EAA /* BruteForceSolverBoard.swift */; };
		DC3815982303D39A00590EAA /* TechniqueSolverBoard.swift in Sources */ = {isa = PBXBuildFile; fileRef = DC3814F422FEC1E200590EAA /* TechniqueSolverBoard.swift */; };
		DC3815992303D39A00590EAA /* GameDelegate.swift in Sources */ = {isa = PBXBuildFile; fileRef = DC3814CF22FEA35400590EAA /* GameDelegate.swift */; };
		DC38159A2303D39A00590EAA /* Number.swift in Sources */ = {isa = PBXBuildFile; fileRef = DC3814DB22FEA39600590EAA /* Number.swift */; };
		DC38159B2303D39A00590EAA /* NumberView.swift in Sources */ = {isa = PBXBuildFile; fileRef = DC3814DC22FEA39600590EAA /* NumberView.swift */; };
		DC38159C2303D39A00590EAA /* SelectDifficultyScene.sks in Resources */ = {isa = PBXBuildFile; fileRef = DC3814D422FEA39600590EAA /* SelectDifficultyScene.sks */; };
		DC38159D2303D39A00590EAA /* SelectDifficultyScene.swift in Sources */ = {isa = PBXBuildFile; fileRef = DC3814D522FEA39600590EAA /* SelectDifficultyScene.swift */; };
		DC38159E2303D39A00590EAA /* SelectLevelScene.sks in Resources */ = {isa = PBXBuildFile; fileRef = DC3814D822FEA39600590EAA /* SelectLevelScene.sks */; };
		DC38159F2303D39A00590EAA /* SelectLevelScene.swift in Sources */ = {isa = PBXBuildFile; fileRef = DC3814D222FEA39500590EAA /* SelectLevelScene.swift */; };
		DC3815A02303D39A00590EAA /* SingleGameOverScene.sks in Resources */ = {isa = PBXBuildFile; fileRef = DC3814DA22FEA39600590EAA /* SingleGameOverScene.sks */; };
		DC3815A12303D39A00590EAA /* SingleGameOverScene.swift in Sources */ = {isa = PBXBuildFile; fileRef = DC3814D122FEA39500590EAA /* SingleGameOverScene.swift */; };
		DC3815A22303D39A00590EAA /* SingleGameScene.sks in Resources */ = {isa = PBXBuildFile; fileRef = DC3814D322FEA39500590EAA /* SingleGameScene.sks */; };
		DC3815A32303D39A00590EAA /* SingleGameScene.swift in Sources */ = {isa = PBXBuildFile; fileRef = DC3814D622FEA39600590EAA /* SingleGameScene.swift */; };
		DC3815A42303D3A200590EAA /* BoardHandler.swift in Sources */ = {isa = PBXBuildFile; fileRef = DC3814F022FEBB4C00590EAA /* BoardHandler.swift */; };
		DC3815A52303D3A200590EAA /* SolverTechnique.swift in Sources */ = {isa = PBXBuildFile; fileRef = DC3814F222FEC1C600590EAA /* SolverTechnique.swift */; };
		DC3815A62303D3A200590EAA /* Pair.swift in Sources */ = {isa = PBXBuildFile; fileRef = DC3814F822FEC53300590EAA /* Pair.swift */; };
		DC3815A72303D3A200590EAA /* CompleteRowColumn.swift in Sources */ = {isa = PBXBuildFile; fileRef = DC3814FA22FEC56500590EAA /* CompleteRowColumn.swift */; };
		DC3815A82303D3A200590EAA /* AvoidTrio.swift in Sources */ = {isa = PBXBuildFile; fileRef = DC3814FC22FEC59400590EAA /* AvoidTrio.swift */; };
		DC3815A92303D3A200590EAA /* HiddenTrio.swift in Sources */ = {isa = PBXBuildFile; fileRef = DC3814FE22FEC5B000590EAA /* HiddenTrio.swift */; };
		DC3815AA2303D3A200590EAA /* UniqueRowColumn.swift in Sources */ = {isa = PBXBuildFile; fileRef = DC38150022FEC5CD00590EAA /* UniqueRowColumn.swift */; };
		DC3815AB2303D3A200590EAA /* MultipleHiddenTrio.swift in Sources */ = {isa = PBXBuildFile; fileRef = DC38154E23029A8C00590EAA /* MultipleHiddenTrio.swift */; };
		DC3815AD2303D70600590EAA /* Color.swift in Sources */ = {isa = PBXBuildFile; fileRef = DC3815AC2303D70600590EAA /* Color.swift */; };
		DC3815AE2303D7D600590EAA /* Color.swift in Sources */ = {isa = PBXBuildFile; fileRef = DC3815AC2303D70600590EAA /* Color.swift */; };
		DC3815AF2303DF8D00590EAA /* GameViewController.swift in Sources */ = {isa = PBXBuildFile; fileRef = DC3814B322FEA28400590EAA /* GameViewController.swift */; };
/* End PBXBuildFile section */

/* Begin PBXContainerItemProxy section */
		DC3815412301466A00590EAA /* PBXContainerItemProxy */ = {
			isa = PBXContainerItemProxy;
			containerPortal = DC3814A022FEA28400590EAA /* Project object */;
			proxyType = 1;
			remoteGlobalIDString = DC3814A722FEA28400590EAA;
			remoteInfo = Takuzu;
		};
/* End PBXContainerItemProxy section */

/* Begin PBXFileReference section */
		DC3814A822FEA28400590EAA /* Takuzu.app */ = {isa = PBXFileReference; explicitFileType = wrapper.application; includeInIndex = 0; path = Takuzu.app; sourceTree = BUILT_PRODUCTS_DIR; };
		DC3814AB22FEA28400590EAA /* AppDelegate.swift */ = {isa = PBXFileReference; lastKnownFileType = sourcecode.swift; path = AppDelegate.swift; sourceTree = "<group>"; };
		DC3814B322FEA28400590EAA /* GameViewController.swift */ = {isa = PBXFileReference; lastKnownFileType = sourcecode.swift; path = GameViewController.swift; sourceTree = "<group>"; };
		DC3814B622FEA28400590EAA /* Base */ = {isa = PBXFileReference; lastKnownFileType = file.storyboard; name = Base; path = Base.lproj/Main.storyboard; sourceTree = "<group>"; };
		DC3814B822FEA28500590EAA /* Assets.xcassets */ = {isa = PBXFileReference; lastKnownFileType = folder.assetcatalog; path = Assets.xcassets; sourceTree = "<group>"; };
		DC3814BB22FEA28500590EAA /* Base */ = {isa = PBXFileReference; lastKnownFileType = file.storyboard; name = Base; path = Base.lproj/LaunchScreen.storyboard; sourceTree = "<group>"; };
		DC3814BD22FEA28500590EAA /* Info.plist */ = {isa = PBXFileReference; lastKnownFileType = text.plist.xml; path = Info.plist; sourceTree = "<group>"; };
		DC3814C322FEA33500590EAA /* Array2D.swift */ = {isa = PBXFileReference; fileEncoding = 4; lastKnownFileType = sourcecode.swift; path = Array2D.swift; sourceTree = "<group>"; };
		DC3814C522FEA34800590EAA /* BoardView.swift */ = {isa = PBXFileReference; fileEncoding = 4; lastKnownFileType = sourcecode.swift; path = BoardView.swift; sourceTree = "<group>"; };
		DC3814C622FEA34800590EAA /* Board.swift */ = {isa = PBXFileReference; fileEncoding = 4; lastKnownFileType = sourcecode.swift; path = Board.swift; sourceTree = "<group>"; };
		DC3814C722FEA34800590EAA /* BruteForceSolverBoard.swift */ = {isa = PBXFileReference; fileEncoding = 4; lastKnownFileType = sourcecode.swift; path = BruteForceSolverBoard.swift; sourceTree = "<group>"; };
		DC3814C822FEA34800590EAA /* BoardGenerator.swift */ = {isa = PBXFileReference; fileEncoding = 4; lastKnownFileType = sourcecode.swift; path = BoardGenerator.swift; sourceTree = "<group>"; };
		DC3814C922FEA34800590EAA /* BoardStorage.swift */ = {isa = PBXFileReference; fileEncoding = 4; lastKnownFileType = sourcecode.swift; path = BoardStorage.swift; sourceTree = "<group>"; };
		DC3814CF22FEA35400590EAA /* GameDelegate.swift */ = {isa = PBXFileReference; fileEncoding = 4; lastKnownFileType = sourcecode.swift; path = GameDelegate.swift; sourceTree = "<group>"; };
		DC3814D122FEA39500590EAA /* SingleGameOverScene.swift */ = {isa = PBXFileReference; fileEncoding = 4; lastKnownFileType = sourcecode.swift; path = SingleGameOverScene.swift; sourceTree = "<group>"; };
		DC3814D222FEA39500590EAA /* SelectLevelScene.swift */ = {isa = PBXFileReference; fileEncoding = 4; lastKnownFileType = sourcecode.swift; path = SelectLevelScene.swift; sourceTree = "<group>"; };
		DC3814D322FEA39500590EAA /* SingleGameScene.sks */ = {isa = PBXFileReference; lastKnownFileType = file.sks; path = SingleGameScene.sks; sourceTree = "<group>"; };
		DC3814D422FEA39600590EAA /* SelectDifficultyScene.sks */ = {isa = PBXFileReference; lastKnownFileType = file.sks; path = SelectDifficultyScene.sks; sourceTree = "<group>"; };
		DC3814D522FEA39600590EAA /* SelectDifficultyScene.swift */ = {isa = PBXFileReference; fileEncoding = 4; lastKnownFileType = sourcecode.swift; path = SelectDifficultyScene.swift; sourceTree = "<group>"; };
		DC3814D622FEA39600590EAA /* SingleGameScene.swift */ = {isa = PBXFileReference; fileEncoding = 4; lastKnownFileType = sourcecode.swift; path = SingleGameScene.swift; sourceTree = "<group>"; };
		DC3814D722FEA39600590EAA /* SKScene+Localization.swift */ = {isa = PBXFileReference; fileEncoding = 4; lastKnownFileType = sourcecode.swift; path = "SKScene+Localization.swift"; sourceTree = "<group>"; };
		DC3814D822FEA39600590EAA /* SelectLevelScene.sks */ = {isa = PBXFileReference; lastKnownFileType = file.sks; path = SelectLevelScene.sks; sourceTree = "<group>"; };
		DC3814DA22FEA39600590EAA /* SingleGameOverScene.sks */ = {isa = PBXFileReference; lastKnownFileType = file.sks; path = SingleGameOverScene.sks; sourceTree = "<group>"; };
		DC3814DB22FEA39600590EAA /* Number.swift */ = {isa = PBXFileReference; fileEncoding = 4; lastKnownFileType = sourcecode.swift; path = Number.swift; sourceTree = "<group>"; };
		DC3814DC22FEA39600590EAA /* NumberView.swift */ = {isa = PBXFileReference; fileEncoding = 4; lastKnownFileType = sourcecode.swift; path = NumberView.swift; sourceTree = "<group>"; };
		DC3814EB22FEA70100590EAA /* Difficulty.swift */ = {isa = PBXFileReference; lastKnownFileType = sourcecode.swift; path = Difficulty.swift; sourceTree = "<group>"; };
		DC3814ED22FEBA4500590EAA /* AbstractSolverBoard.swift */ = {isa = PBXFileReference; fileEncoding = 4; lastKnownFileType = sourcecode.swift; path = AbstractSolverBoard.swift; sourceTree = "<group>"; };
		DC3814F022FEBB4C00590EAA /* BoardHandler.swift */ = {isa = PBXFileReference; fileEncoding = 4; lastKnownFileType = sourcecode.swift; path = BoardHandler.swift; sourceTree = "<group>"; };
		DC3814F222FEC1C600590EAA /* SolverTechnique.swift */ = {isa = PBXFileReference; fileEncoding = 4; lastKnownFileType = sourcecode.swift; path = SolverTechnique.swift; sourceTree = "<group>"; };
		DC3814F422FEC1E200590EAA /* TechniqueSolverBoard.swift */ = {isa = PBXFileReference; fileEncoding = 4; lastKnownFileType = sourcecode.swift; path = TechniqueSolverBoard.swift; sourceTree = "<group>"; };
		DC3814F622FEC28B00590EAA /* TakuzuRepository.swift */ = {isa = PBXFileReference; fileEncoding = 4; lastKnownFileType = sourcecode.swift; path = TakuzuRepository.swift; sourceTree = "<group>"; };
		DC3814F822FEC53300590EAA /* Pair.swift */ = {isa = PBXFileReference; lastKnownFileType = sourcecode.swift; path = Pair.swift; sourceTree = "<group>"; };
		DC3814FA22FEC56500590EAA /* CompleteRowColumn.swift */ = {isa = PBXFileReference; lastKnownFileType = sourcecode.swift; path = CompleteRowColumn.swift; sourceTree = "<group>"; };
		DC3814FC22FEC59400590EAA /* AvoidTrio.swift */ = {isa = PBXFileReference; lastKnownFileType = sourcecode.swift; path = AvoidTrio.swift; sourceTree = "<group>"; };
		DC3814FE22FEC5B000590EAA /* HiddenTrio.swift */ = {isa = PBXFileReference; lastKnownFileType = sourcecode.swift; path = HiddenTrio.swift; sourceTree = "<group>"; };
		DC38150022FEC5CD00590EAA /* UniqueRowColumn.swift */ = {isa = PBXFileReference; lastKnownFileType = sourcecode.swift; path = UniqueRowColumn.swift; sourceTree = "<group>"; };
		DC3815032300296B00590EAA /* en */ = {isa = PBXFileReference; lastKnownFileType = text.plist.strings; name = en; path = en.lproj/Localizable.strings; sourceTree = "<group>"; };
		DC38150523002D5500590EAA /* sv */ = {isa = PBXFileReference; lastKnownFileType = text.plist.strings; name = sv; path = sv.lproj/Localizable.strings; sourceTree = "<group>"; };
		DC38153C2301466A00590EAA /* TakuzuTests.xctest */ = {isa = PBXFileReference; explicitFileType = wrapper.cfbundle; includeInIndex = 0; path = TakuzuTests.xctest; sourceTree = BUILT_PRODUCTS_DIR; };
		DC38153E2301466A00590EAA /* PairTests.swift */ = {isa = PBXFileReference; lastKnownFileType = sourcecode.swift; path = PairTests.swift; sourceTree = "<group>"; };
		DC3815402301466A00590EAA /* Info.plist */ = {isa = PBXFileReference; lastKnownFileType = text.plist.xml; path = Info.plist; sourceTree = "<group>"; };
		DC38154623014B4200590EAA /* CompleteRowColumnTests.swift */ = {isa = PBXFileReference; lastKnownFileType = sourcecode.swift; path = CompleteRowColumnTests.swift; sourceTree = "<group>"; };
		DC38154823018FF500590EAA /* AvoidTrioTests.swift */ = {isa = PBXFileReference; lastKnownFileType = sourcecode.swift; path = AvoidTrioTests.swift; sourceTree = "<group>"; };
		DC38154A2301929200590EAA /* HiddenTrioTests.swift */ = {isa = PBXFileReference; lastKnownFileType = sourcecode.swift; path = HiddenTrioTests.swift; sourceTree = "<group>"; };
		DC38154C2301CD2900590EAA /* UniqueRowColumnTests.swift */ = {isa = PBXFileReference; lastKnownFileType = sourcecode.swift; path = UniqueRowColumnTests.swift; sourceTree = "<group>"; };
		DC38154E23029A8C00590EAA /* MultipleHiddenTrio.swift */ = {isa = PBXFileReference; lastKnownFileType = sourcecode.swift; path = MultipleHiddenTrio.swift; sourceTree = "<group>"; };
		DC38155023029AC600590EAA /* MultipleHiddenTrioTests.swift */ = {isa = PBXFileReference; lastKnownFileType = sourcecode.swift; path = MultipleHiddenTrioTests.swift; sourceTree = "<group>"; };
		DC3815522302A91400590EAA /* SolverVerifier.swift */ = {isa = PBXFileReference; lastKnownFileType = sourcecode.swift; path = SolverVerifier.swift; sourceTree = "<group>"; };
		DC3815542302E48300590EAA /* AbstractSolverBoardTests.swift */ = {isa = PBXFileReference; lastKnownFileType = sourcecode.swift; path = AbstractSolverBoardTests.swift; sourceTree = "<group>"; };
		DC3815762303D23C00590EAA /* TakuzuOSX.app */ = {isa = PBXFileReference; explicitFileType = wrapper.application; includeInIndex = 0; path = TakuzuOSX.app; sourceTree = BUILT_PRODUCTS_DIR; };
		DC3815782303D23C00590EAA /* AppDelegate.swift */ = {isa = PBXFileReference; lastKnownFileType = sourcecode.swift; path = AppDelegate.swift; sourceTree = "<group>"; };
		DC3815822303D23D00590EAA /* _osx.xcassets */ = {isa = PBXFileReference; lastKnownFileType = folder.assetcatalog; path = _osx.xcassets; sourceTree = "<group>"; };
		DC3815852303D23D00590EAA /* Base */ = {isa = PBXFileReference; lastKnownFileType = file.storyboard; name = Base; path = Base.lproj/Main.storyboard; sourceTree = "<group>"; };
		DC3815872303D23D00590EAA /* Info.plist */ = {isa = PBXFileReference; lastKnownFileType = text.plist.xml; path = Info.plist; sourceTree = "<group>"; };
		DC3815882303D23D00590EAA /* TakuzuOSX.entitlements */ = {isa = PBXFileReference; lastKnownFileType = text.plist.entitlements; path = TakuzuOSX.entitlements; sourceTree = "<group>"; };
		DC3815AC2303D70600590EAA /* Color.swift */ = {isa = PBXFileReference; lastKnownFileType = sourcecode.swift; path = Color.swift; sourceTree = "<group>"; };
/* End PBXFileReference section */

/* Begin PBXFrameworksBuildPhase section */
		DC3814A522FEA28400590EAA /* Frameworks */ = {
			isa = PBXFrameworksBuildPhase;
			buildActionMask = 2147483647;
			files = (
			);
			runOnlyForDeploymentPostprocessing = 0;
		};
		DC3815392301466A00590EAA /* Frameworks */ = {
			isa = PBXFrameworksBuildPhase;
			buildActionMask = 2147483647;
			files = (
			);
			runOnlyForDeploymentPostprocessing = 0;
		};
		DC3815732303D23C00590EAA /* Frameworks */ = {
			isa = PBXFrameworksBuildPhase;
			buildActionMask = 2147483647;
			files = (
			);
			runOnlyForDeploymentPostprocessing = 0;
		};
/* End PBXFrameworksBuildPhase section */

/* Begin PBXGroup section */
		DC38149F22FEA28400590EAA = {
			isa = PBXGroup;
			children = (
				DC3814AA22FEA28400590EAA /* Takuzu */,
				DC38153D2301466A00590EAA /* TakuzuTests */,
				DC3815772303D23C00590EAA /* TakuzuOSX */,
				DC3814A922FEA28400590EAA /* Products */,
			);
			sourceTree = "<group>";
		};
		DC3814A922FEA28400590EAA /* Products */ = {
			isa = PBXGroup;
			children = (
				DC3814A822FEA28400590EAA /* Takuzu.app */,
				DC38153C2301466A00590EAA /* TakuzuTests.xctest */,
				DC3815762303D23C00590EAA /* TakuzuOSX.app */,
			);
			name = Products;
			sourceTree = "<group>";
		};
		DC3814AA22FEA28400590EAA /* Takuzu */ = {
			isa = PBXGroup;
			children = (
				DC3814EF22FEBB3800590EAA /* SolutionTechniques */,
				DC3814C322FEA33500590EAA /* Array2D.swift */,
				DC3814C622FEA34800590EAA /* Board.swift */,
				DC3814C822FEA34800590EAA /* BoardGenerator.swift */,
				DC3814C922FEA34800590EAA /* BoardStorage.swift */,
				DC3814F622FEC28B00590EAA /* TakuzuRepository.swift */,
				DC3814C522FEA34800590EAA /* BoardView.swift */,
				DC3814ED22FEBA4500590EAA /* AbstractSolverBoard.swift */,
				DC3814C722FEA34800590EAA /* BruteForceSolverBoard.swift */,
				DC3814F422FEC1E200590EAA /* TechniqueSolverBoard.swift */,
				DC3814CF22FEA35400590EAA /* GameDelegate.swift */,
				DC3814DB22FEA39600590EAA /* Number.swift */,
				DC3814DC22FEA39600590EAA /* NumberView.swift */,
				DC3814D422FEA39600590EAA /* SelectDifficultyScene.sks */,
				DC3814D522FEA39600590EAA /* SelectDifficultyScene.swift */,
				DC3814D822FEA39600590EAA /* SelectLevelScene.sks */,
				DC3814D222FEA39500590EAA /* SelectLevelScene.swift */,
				DC3814DA22FEA39600590EAA /* SingleGameOverScene.sks */,
				DC3814D122FEA39500590EAA /* SingleGameOverScene.swift */,
				DC3814D322FEA39500590EAA /* SingleGameScene.sks */,
				DC3814D622FEA39600590EAA /* SingleGameScene.swift */,
				DC3814AB22FEA28400590EAA /* AppDelegate.swift */,
				DC3814B322FEA28400590EAA /* GameViewController.swift */,
				DC3814EB22FEA70100590EAA /* Difficulty.swift */,
				DC3814B522FEA28400590EAA /* Main.storyboard */,
				DC3814B822FEA28500590EAA /* Assets.xcassets */,
				DC3814BA22FEA28500590EAA /* LaunchScreen.storyboard */,
				DC3814BD22FEA28500590EAA /* Info.plist */,
				DC3814D722FEA39600590EAA /* SKScene+Localization.swift */,
				DC3815042300296B00590EAA /* Localizable.strings */,
				DC3815AC2303D70600590EAA /* Color.swift */,
			);
			path = Takuzu;
			sourceTree = "<group>";
		};
		DC3814EF22FEBB3800590EAA /* SolutionTechniques */ = {
			isa = PBXGroup;
			children = (
				DC3814F022FEBB4C00590EAA /* BoardHandler.swift */,
				DC3814F222FEC1C600590EAA /* SolverTechnique.swift */,
				DC3814F822FEC53300590EAA /* Pair.swift */,
				DC3814FA22FEC56500590EAA /* CompleteRowColumn.swift */,
				DC3814FC22FEC59400590EAA /* AvoidTrio.swift */,
				DC3814FE22FEC5B000590EAA /* HiddenTrio.swift */,
				DC38150022FEC5CD00590EAA /* UniqueRowColumn.swift */,
				DC38154E23029A8C00590EAA /* MultipleHiddenTrio.swift */,
			);
			path = SolutionTechniques;
			sourceTree = "<group>";
		};
		DC38153D2301466A00590EAA /* TakuzuTests */ = {
			isa = PBXGroup;
			children = (
				DC38153E2301466A00590EAA /* PairTests.swift */,
				DC3815402301466A00590EAA /* Info.plist */,
				DC38154623014B4200590EAA /* CompleteRowColumnTests.swift */,
				DC38154823018FF500590EAA /* AvoidTrioTests.swift */,
				DC38154A2301929200590EAA /* HiddenTrioTests.swift */,
				DC38154C2301CD2900590EAA /* UniqueRowColumnTests.swift */,
				DC38155023029AC600590EAA /* MultipleHiddenTrioTests.swift */,
				DC3815522302A91400590EAA /* SolverVerifier.swift */,
				DC3815542302E48300590EAA /* AbstractSolverBoardTests.swift */,
			);
			path = TakuzuTests;
			sourceTree = "<group>";
		};
		DC3815772303D23C00590EAA /* TakuzuOSX */ = {
			isa = PBXGroup;
			children = (
				DC3815782303D23C00590EAA /* AppDelegate.swift */,
				DC3815822303D23D00590EAA /* _osx.xcassets */,
				DC3815842303D23D00590EAA /* Main.storyboard */,
				DC3815872303D23D00590EAA /* Info.plist */,
				DC3815882303D23D00590EAA /* TakuzuOSX.entitlements */,
			);
			path = TakuzuOSX;
			sourceTree = "<group>";
		};
/* End PBXGroup section */

/* Begin PBXNativeTarget section */
		DC3814A722FEA28400590EAA /* Takuzu */ = {
			isa = PBXNativeTarget;
			buildConfigurationList = DC3814C022FEA28500590EAA /* Build configuration list for PBXNativeTarget "Takuzu" */;
			buildPhases = (
				DC3814A422FEA28400590EAA /* Sources */,
				DC3814A522FEA28400590EAA /* Frameworks */,
				DC3814A622FEA28400590EAA /* Resources */,
			);
			buildRules = (
			);
			dependencies = (
			);
			name = Takuzu;
			productName = Takuzu;
			productReference = DC3814A822FEA28400590EAA /* Takuzu.app */;
			productType = "com.apple.product-type.application";
		};
		DC38153B2301466A00590EAA /* TakuzuTests */ = {
			isa = PBXNativeTarget;
			buildConfigurationList = DC3815432301466A00590EAA /* Build configuration list for PBXNativeTarget "TakuzuTests" */;
			buildPhases = (
				DC3815382301466A00590EAA /* Sources */,
				DC3815392301466A00590EAA /* Frameworks */,
				DC38153A2301466A00590EAA /* Resources */,
			);
			buildRules = (
			);
			dependencies = (
				DC3815422301466A00590EAA /* PBXTargetDependency */,
			);
			name = TakuzuTests;
			productName = TakuzuTests;
			productReference = DC38153C2301466A00590EAA /* TakuzuTests.xctest */;
			productType = "com.apple.product-type.bundle.unit-test";
		};
		DC3815752303D23C00590EAA /* TakuzuOSX */ = {
			isa = PBXNativeTarget;
			buildConfigurationList = DC3815892303D23D00590EAA /* Build configuration list for PBXNativeTarget "TakuzuOSX" */;
			buildPhases = (
				DC3815722303D23C00590EAA /* Sources */,
				DC3815732303D23C00590EAA /* Frameworks */,
				DC3815742303D23C00590EAA /* Resources */,
			);
			buildRules = (
			);
			dependencies = (
			);
			name = TakuzuOSX;
			productName = TakuzuOSX;
			productReference = DC3815762303D23C00590EAA /* TakuzuOSX.app */;
			productType = "com.apple.product-type.application";
		};
/* End PBXNativeTarget section */

/* Begin PBXProject section */
		DC3814A022FEA28400590EAA /* Project object */ = {
			isa = PBXProject;
			attributes = {
				LastSwiftUpdateCheck = 1010;
				LastUpgradeCheck = 1010;
				ORGANIZATIONNAME = "Erland Isaksson";
				TargetAttributes = {
					DC3814A722FEA28400590EAA = {
						CreatedOnToolsVersion = 10.1;
					};
					DC38153B2301466A00590EAA = {
						CreatedOnToolsVersion = 10.1;
						TestTargetID = DC3814A722FEA28400590EAA;
					};
					DC3815752303D23C00590EAA = {
						CreatedOnToolsVersion = 10.1;
					};
				};
			};
			buildConfigurationList = DC3814A322FEA28400590EAA /* Build configuration list for PBXProject "Takuzu" */;
			compatibilityVersion = "Xcode 9.3";
			developmentRegion = en;
			hasScannedForEncodings = 0;
			knownRegions = (
				en,
				Base,
				sv,
			);
			mainGroup = DC38149F22FEA28400590EAA;
			productRefGroup = DC3814A922FEA28400590EAA /* Products */;
			projectDirPath = "";
			projectRoot = "";
			targets = (
				DC3814A722FEA28400590EAA /* Takuzu */,
				DC38153B2301466A00590EAA /* TakuzuTests */,
				DC3815752303D23C00590EAA /* TakuzuOSX */,
			);
		};
/* End PBXProject section */

/* Begin PBXResourcesBuildPhase section */
		DC3814A622FEA28400590EAA /* Resources */ = {
			isa = PBXResourcesBuildPhase;
			buildActionMask = 2147483647;
			files = (
				DC3814E622FEA39600590EAA /* SingleGameOverScene.sks in Resources */,
				DC3814DF22FEA39600590EAA /* SingleGameScene.sks in Resources */,
				DC3814B722FEA28400590EAA /* Main.storyboard in Resources */,
				DC3814B922FEA28500590EAA /* Assets.xcassets in Resources */,
				DC3814E422FEA39600590EAA /* SelectLevelScene.sks in Resources */,
				DC3815022300296B00590EAA /* Localizable.strings in Resources */,
				DC3814BC22FEA28500590EAA /* LaunchScreen.storyboard in Resources */,
				DC3814E022FEA39600590EAA /* SelectDifficultyScene.sks in Resources */,
			);
			runOnlyForDeploymentPostprocessing = 0;
		};
		DC38153A2301466A00590EAA /* Resources */ = {
			isa = PBXResourcesBuildPhase;
			buildActionMask = 2147483647;
			files = (
			);
			runOnlyForDeploymentPostprocessing = 0;
		};
		DC3815742303D23C00590EAA /* Resources */ = {
			isa = PBXResourcesBuildPhase;
			buildActionMask = 2147483647;
			files = (
				DC3815A02303D39A00590EAA /* SingleGameOverScene.sks in Resources */,
				DC3815832303D23D00590EAA /* _osx.xcassets in Resources */,
				DC38158C2303D37700590EAA /* Localizable.strings in Resources */,
				DC38158E2303D38800590EAA /* Assets.xcassets in Resources */,
				DC3815A22303D39A00590EAA /* SingleGameScene.sks in Resources */,
				DC38159E2303D39A00590EAA /* SelectLevelScene.sks in Resources */,
				DC3815862303D23D00590EAA /* Main.storyboard in Resources */,
				DC38159C2303D39A00590EAA /* SelectDifficultyScene.sks in Resources */,
			);
			runOnlyForDeploymentPostprocessing = 0;
		};
/* End PBXResourcesBuildPhase section */

/* Begin PBXSourcesBuildPhase section */
		DC3814A422FEA28400590EAA /* Sources */ = {
			isa = PBXSourcesBuildPhase;
			buildActionMask = 2147483647;
			files = (
				DC3814E722FEA39600590EAA /* Number.swift in Sources */,
				DC3814DD22FEA39600590EAA /* SingleGameOverScene.swift in Sources */,
				DC3814F722FEC28B00590EAA /* TakuzuRepository.swift in Sources */,
				DC3814B422FEA28400590EAA /* GameViewController.swift in Sources */,
				DC38150122FEC5CD00590EAA /* UniqueRowColumn.swift in Sources */,
				DC3814DE22FEA39600590EAA /* SelectLevelScene.swift in Sources */,
				DC3814F122FEBB4C00590EAA /* BoardHandler.swift in Sources */,
				DC3814CA22FEA34800590EAA /* BoardView.swift in Sources */,
				DC3814CE22FEA34800590EAA /* BoardStorage.swift in Sources */,
				DC38154F23029A8C00590EAA /* MultipleHiddenTrio.swift in Sources */,
				DC3814E322FEA39600590EAA /* SKScene+Localization.swift in Sources */,
				DC3814FD22FEC59400590EAA /* AvoidTrio.swift in Sources */,
				DC3814FB22FEC56500590EAA /* CompleteRowColumn.swift in Sources */,
				DC3814D022FEA35400590EAA /* GameDelegate.swift in Sources */,
				DC3814F322FEC1C600590EAA /* SolverTechnique.swift in Sources */,
				DC3814CC22FEA34800590EAA /* BruteForceSolverBoard.swift in Sources */,
				DC3814E222FEA39600590EAA /* SingleGameScene.swift in Sources */,
				DC3815AD2303D70600590EAA /* Color.swift in Sources */,
				DC3814CB22FEA34800590EAA /* Board.swift in Sources */,
				DC3814F922FEC53300590EAA /* Pair.swift in Sources */,
				DC3814EE22FEBA4500590EAA /* AbstractSolverBoard.swift in Sources */,
				DC3814E822FEA39600590EAA /* NumberView.swift in Sources */,
				DC3814F522FEC1E200590EAA /* TechniqueSolverBoard.swift in Sources */,
				DC3814CD22FEA34800590EAA /* BoardGenerator.swift in Sources */,
				DC3814FF22FEC5B000590EAA /* HiddenTrio.swift in Sources */,
				DC3814C422FEA33500590EAA /* Array2D.swift in Sources */,
				DC3814EC22FEA70100590EAA /* Difficulty.swift in Sources */,
				DC3814AC22FEA28400590EAA /* AppDelegate.swift in Sources */,
				DC3814E122FEA39600590EAA /* SelectDifficultyScene.swift in Sources */,
			);
			runOnlyForDeploymentPostprocessing = 0;
		};
		DC3815382301466A00590EAA /* Sources */ = {
			isa = PBXSourcesBuildPhase;
			buildActionMask = 2147483647;
			files = (
				DC38153F2301466A00590EAA /* PairTests.swift in Sources */,
				DC38154B2301929200590EAA /* HiddenTrioTests.swift in Sources */,
				DC38154D2301CD2900590EAA /* UniqueRowColumnTests.swift in Sources */,
				DC3815552302E48300590EAA /* AbstractSolverBoardTests.swift in Sources */,
				DC38154723014B4200590EAA /* CompleteRowColumnTests.swift in Sources */,
				DC38154923018FF500590EAA /* AvoidTrioTests.swift in Sources */,
				DC38155123029AC600590EAA /* MultipleHiddenTrioTests.swift in Sources */,
				DC3815532302A91400590EAA /* SolverVerifier.swift in Sources */,
			);
			runOnlyForDeploymentPostprocessing = 0;
		};
		DC3815722303D23C00590EAA /* Sources */ = {
			isa = PBXSourcesBuildPhase;
			buildActionMask = 2147483647;
			files = (
				DC3815A12303D39A00590EAA /* SingleGameOverScene.swift in Sources */,
				DC38158D2303D37B00590EAA /* SKScene+Localization.swift in Sources */,
				DC3815972303D39A00590EAA /* BruteForceSolverBoard.swift in Sources */,
				DC3815AA2303D3A200590EAA /* UniqueRowColumn.swift in Sources */,
				DC3815932303D39A00590EAA /* BoardStorage.swift in Sources */,
				DC3815912303D39A00590EAA /* Board.swift in Sources */,
				DC3815A32303D39A00590EAA /* SingleGameScene.swift in Sources */,
				DC38159A2303D39A00590EAA /* Number.swift in Sources */,
				DC3815AF2303DF8D00590EAA /* GameViewController.swift in Sources */,
				DC3815AB2303D3A200590EAA /* MultipleHiddenTrio.swift in Sources */,
				DC3815982303D39A00590EAA /* TechniqueSolverBoard.swift in Sources */,
				DC3815A82303D3A200590EAA /* AvoidTrio.swift in Sources */,
				DC3815A72303D3A200590EAA /* CompleteRowColumn.swift in Sources */,
				DC38158F2303D38F00590EAA /* Difficulty.swift in Sources */,
				DC3815A42303D3A200590EAA /* BoardHandler.swift in Sources */,
				DC3815A52303D3A200590EAA /* SolverTechnique.swift in Sources */,
				DC38159D2303D39A00590EAA /* SelectDifficultyScene.swift in Sources */,
				DC3815AE2303D7D600590EAA /* Color.swift in Sources */,
				DC3815922303D39A00590EAA /* BoardGenerator.swift in Sources */,
				DC3815A62303D3A200590EAA /* Pair.swift in Sources */,
				DC3815962303D39A00590EAA /* AbstractSolverBoard.swift in Sources */,
				DC3815792303D23C00590EAA /* AppDelegate.swift in Sources */,
				DC3815952303D39A00590EAA /* BoardView.swift in Sources */,
				DC3815942303D39A00590EAA /* TakuzuRepository.swift in Sources */,
				DC3815A92303D3A200590EAA /* HiddenTrio.swift in Sources */,
				DC3815992303D39A00590EAA /* GameDelegate.swift in Sources */,
				DC3815902303D39A00590EAA /* Array2D.swift in Sources */,
				DC38159B2303D39A00590EAA /* NumberView.swift in Sources */,
				DC38159F2303D39A00590EAA /* SelectLevelScene.swift in Sources */,
			);
			runOnlyForDeploymentPostprocessing = 0;
		};
/* End PBXSourcesBuildPhase section */

/* Begin PBXTargetDependency section */
		DC3815422301466A00590EAA /* PBXTargetDependency */ = {
			isa = PBXTargetDependency;
			target = DC3814A722FEA28400590EAA /* Takuzu */;
			targetProxy = DC3815412301466A00590EAA /* PBXContainerItemProxy */;
		};
/* End PBXTargetDependency section */

/* Begin PBXVariantGroup section */
		DC3814B522FEA28400590EAA /* Main.storyboard */ = {
			isa = PBXVariantGroup;
			children = (
				DC3814B622FEA28400590EAA /* Base */,
			);
			name = Main.storyboard;
			sourceTree = "<group>";
		};
		DC3814BA22FEA28500590EAA /* LaunchScreen.storyboard */ = {
			isa = PBXVariantGroup;
			children = (
				DC3814BB22FEA28500590EAA /* Base */,
			);
			name = LaunchScreen.storyboard;
			sourceTree = "<group>";
		};
		DC3815042300296B00590EAA /* Localizable.strings */ = {
			isa = PBXVariantGroup;
			children = (
				DC3815032300296B00590EAA /* en */,
				DC38150523002D5500590EAA /* sv */,
			);
			name = Localizable.strings;
			sourceTree = "<group>";
		};
		DC3815842303D23D00590EAA /* Main.storyboard */ = {
			isa = PBXVariantGroup;
			children = (
				DC3815852303D23D00590EAA /* Base */,
			);
			name = Main.storyboard;
			sourceTree = "<group>";
		};
/* End PBXVariantGroup section */

/* Begin XCBuildConfiguration section */
		DC3814BE22FEA28500590EAA /* Debug */ = {
			isa = XCBuildConfiguration;
			buildSettings = {
				ALWAYS_SEARCH_USER_PATHS = NO;
				CLANG_ANALYZER_LOCALIZABILITY_NONLOCALIZED = YES;
				CLANG_ANALYZER_NONNULL = YES;
				CLANG_ANALYZER_NUMBER_OBJECT_CONVERSION = YES_AGGRESSIVE;
				CLANG_CXX_LANGUAGE_STANDARD = "gnu++14";
				CLANG_CXX_LIBRARY = "libc++";
				CLANG_ENABLE_MODULES = YES;
				CLANG_ENABLE_OBJC_ARC = YES;
				CLANG_ENABLE_OBJC_WEAK = YES;
				CLANG_WARN_BLOCK_CAPTURE_AUTORELEASING = YES;
				CLANG_WARN_BOOL_CONVERSION = YES;
				CLANG_WARN_COMMA = YES;
				CLANG_WARN_CONSTANT_CONVERSION = YES;
				CLANG_WARN_DEPRECATED_OBJC_IMPLEMENTATIONS = YES;
				CLANG_WARN_DIRECT_OBJC_ISA_USAGE = YES_ERROR;
				CLANG_WARN_DOCUMENTATION_COMMENTS = YES;
				CLANG_WARN_EMPTY_BODY = YES;
				CLANG_WARN_ENUM_CONVERSION = YES;
				CLANG_WARN_INFINITE_RECURSION = YES;
				CLANG_WARN_INT_CONVERSION = YES;
				CLANG_WARN_NON_LITERAL_NULL_CONVERSION = YES;
				CLANG_WARN_OBJC_IMPLICIT_RETAIN_SELF = YES;
				CLANG_WARN_OBJC_LITERAL_CONVERSION = YES;
				CLANG_WARN_OBJC_ROOT_CLASS = YES_ERROR;
				CLANG_WARN_RANGE_LOOP_ANALYSIS = YES;
				CLANG_WARN_STRICT_PROTOTYPES = YES;
				CLANG_WARN_SUSPICIOUS_MOVE = YES;
				CLANG_WARN_UNGUARDED_AVAILABILITY = YES_AGGRESSIVE;
				CLANG_WARN_UNREACHABLE_CODE = YES;
				CLANG_WARN__DUPLICATE_METHOD_MATCH = YES;
				CODE_SIGN_IDENTITY = "iPhone Developer";
				COPY_PHASE_STRIP = NO;
				DEBUG_INFORMATION_FORMAT = dwarf;
				ENABLE_STRICT_OBJC_MSGSEND = YES;
				ENABLE_TESTABILITY = YES;
				GCC_C_LANGUAGE_STANDARD = gnu11;
				GCC_DYNAMIC_NO_PIC = NO;
				GCC_NO_COMMON_BLOCKS = YES;
				GCC_OPTIMIZATION_LEVEL = 0;
				GCC_PREPROCESSOR_DEFINITIONS = (
					"DEBUG=1",
					"$(inherited)",
				);
				GCC_WARN_64_TO_32_BIT_CONVERSION = YES;
				GCC_WARN_ABOUT_RETURN_TYPE = YES_ERROR;
				GCC_WARN_UNDECLARED_SELECTOR = YES;
				GCC_WARN_UNINITIALIZED_AUTOS = YES_AGGRESSIVE;
				GCC_WARN_UNUSED_FUNCTION = YES;
				GCC_WARN_UNUSED_VARIABLE = YES;
				IPHONEOS_DEPLOYMENT_TARGET = 12.1;
				MTL_ENABLE_DEBUG_INFO = INCLUDE_SOURCE;
				MTL_FAST_MATH = YES;
				ONLY_ACTIVE_ARCH = YES;
				SDKROOT = iphoneos;
				SWIFT_ACTIVE_COMPILATION_CONDITIONS = DEBUG;
				SWIFT_OPTIMIZATION_LEVEL = "-Onone";
			};
			name = Debug;
		};
		DC3814BF22FEA28500590EAA /* Release */ = {
			isa = XCBuildConfiguration;
			buildSettings = {
				ALWAYS_SEARCH_USER_PATHS = NO;
				CLANG_ANALYZER_LOCALIZABILITY_NONLOCALIZED = YES;
				CLANG_ANALYZER_NONNULL = YES;
				CLANG_ANALYZER_NUMBER_OBJECT_CONVERSION = YES_AGGRESSIVE;
				CLANG_CXX_LANGUAGE_STANDARD = "gnu++14";
				CLANG_CXX_LIBRARY = "libc++";
				CLANG_ENABLE_MODULES = YES;
				CLANG_ENABLE_OBJC_ARC = YES;
				CLANG_ENABLE_OBJC_WEAK = YES;
				CLANG_WARN_BLOCK_CAPTURE_AUTORELEASING = YES;
				CLANG_WARN_BOOL_CONVERSION = YES;
				CLANG_WARN_COMMA = YES;
				CLANG_WARN_CONSTANT_CONVERSION = YES;
				CLANG_WARN_DEPRECATED_OBJC_IMPLEMENTATIONS = YES;
				CLANG_WARN_DIRECT_OBJC_ISA_USAGE = YES_ERROR;
				CLANG_WARN_DOCUMENTATION_COMMENTS = YES;
				CLANG_WARN_EMPTY_BODY = YES;
				CLANG_WARN_ENUM_CONVERSION = YES;
				CLANG_WARN_INFINITE_RECURSION = YES;
				CLANG_WARN_INT_CONVERSION = YES;
				CLANG_WARN_NON_LITERAL_NULL_CONVERSION = YES;
				CLANG_WARN_OBJC_IMPLICIT_RETAIN_SELF = YES;
				CLANG_WARN_OBJC_LITERAL_CONVERSION = YES;
				CLANG_WARN_OBJC_ROOT_CLASS = YES_ERROR;
				CLANG_WARN_RANGE_LOOP_ANALYSIS = YES;
				CLANG_WARN_STRICT_PROTOTYPES = YES;
				CLANG_WARN_SUSPICIOUS_MOVE = YES;
				CLANG_WARN_UNGUARDED_AVAILABILITY = YES_AGGRESSIVE;
				CLANG_WARN_UNREACHABLE_CODE = YES;
				CLANG_WARN__DUPLICATE_METHOD_MATCH = YES;
				CODE_SIGN_IDENTITY = "iPhone Developer";
				COPY_PHASE_STRIP = NO;
				DEBUG_INFORMATION_FORMAT = "dwarf-with-dsym";
				ENABLE_NS_ASSERTIONS = NO;
				ENABLE_STRICT_OBJC_MSGSEND = YES;
				GCC_C_LANGUAGE_STANDARD = gnu11;
				GCC_NO_COMMON_BLOCKS = YES;
				GCC_WARN_64_TO_32_BIT_CONVERSION = YES;
				GCC_WARN_ABOUT_RETURN_TYPE = YES_ERROR;
				GCC_WARN_UNDECLARED_SELECTOR = YES;
				GCC_WARN_UNINITIALIZED_AUTOS = YES_AGGRESSIVE;
				GCC_WARN_UNUSED_FUNCTION = YES;
				GCC_WARN_UNUSED_VARIABLE = YES;
				IPHONEOS_DEPLOYMENT_TARGET = 12.1;
				MTL_ENABLE_DEBUG_INFO = NO;
				MTL_FAST_MATH = YES;
				SDKROOT = iphoneos;
				SWIFT_COMPILATION_MODE = wholemodule;
				SWIFT_OPTIMIZATION_LEVEL = "-O";
				VALIDATE_PRODUCT = YES;
			};
			name = Release;
		};
		DC3814C122FEA28500590EAA /* Debug */ = {
			isa = XCBuildConfiguration;
			buildSettings = {
				ASSETCATALOG_COMPILER_APPICON_NAME = AppIcon;
				CODE_SIGN_STYLE = Automatic;
				DEVELOPMENT_TEAM = 6R6NEH26ZQ;
				INFOPLIST_FILE = Takuzu/Info.plist;
				LD_RUNPATH_SEARCH_PATHS = (
					"$(inherited)",
					"@executable_path/Frameworks",
				);
				PRODUCT_BUNDLE_IDENTIFIER = "info.isaksson.erland.Takuzu-beta";
				PRODUCT_NAME = "$(TARGET_NAME)";
				SWIFT_VERSION = 4.2;
				TARGETED_DEVICE_FAMILY = "1,2";
			};
			name = Debug;
		};
		DC3814C222FEA28500590EAA /* Release */ = {
			isa = XCBuildConfiguration;
			buildSettings = {
				ASSETCATALOG_COMPILER_APPICON_NAME = AppIcon;
				CODE_SIGN_STYLE = Automatic;
				DEVELOPMENT_TEAM = 6R6NEH26ZQ;
				INFOPLIST_FILE = Takuzu/Info.plist;
				LD_RUNPATH_SEARCH_PATHS = (
					"$(inherited)",
					"@executable_path/Frameworks",
				);
				PRODUCT_BUNDLE_IDENTIFIER = "info.isaksson.erland.Takuzu-beta";
				PRODUCT_NAME = "$(TARGET_NAME)";
				SWIFT_VERSION = 4.2;
				TARGETED_DEVICE_FAMILY = "1,2";
			};
			name = Release;
		};
		DC3815442301466A00590EAA /* Debug */ = {
			isa = XCBuildConfiguration;
			buildSettings = {
				BUNDLE_LOADER = "$(TEST_HOST)";
				CODE_SIGN_STYLE = Automatic;
				DEVELOPMENT_TEAM = 6R6NEH26ZQ;
				INFOPLIST_FILE = TakuzuTests/Info.plist;
				LD_RUNPATH_SEARCH_PATHS = (
					"$(inherited)",
					"@executable_path/Frameworks",
					"@loader_path/Frameworks",
				);
				PRODUCT_BUNDLE_IDENTIFIER = info.isaksson.erland.TakuzuTests;
				PRODUCT_NAME = "$(TARGET_NAME)";
				SWIFT_VERSION = 4.2;
				TARGETED_DEVICE_FAMILY = "1,2";
				TEST_HOST = "$(BUILT_PRODUCTS_DIR)/Takuzu.app/Takuzu";
			};
			name = Debug;
		};
		DC3815452301466A00590EAA /* Release */ = {
			isa = XCBuildConfiguration;
			buildSettings = {
				BUNDLE_LOADER = "$(TEST_HOST)";
				CODE_SIGN_STYLE = Automatic;
				DEVELOPMENT_TEAM = 6R6NEH26ZQ;
				INFOPLIST_FILE = TakuzuTests/Info.plist;
				LD_RUNPATH_SEARCH_PATHS = (
					"$(inherited)",
					"@executable_path/Frameworks",
					"@loader_path/Frameworks",
				);
				PRODUCT_BUNDLE_IDENTIFIER = info.isaksson.erland.TakuzuTests;
				PRODUCT_NAME = "$(TARGET_NAME)";
				SWIFT_VERSION = 4.2;
				TARGETED_DEVICE_FAMILY = "1,2";
				TEST_HOST = "$(BUILT_PRODUCTS_DIR)/Takuzu.app/Takuzu";
			};
			name = Release;
		};
		DC38158A2303D23D00590EAA /* Debug */ = {
			isa = XCBuildConfiguration;
			buildSettings = {
				ASSETCATALOG_COMPILER_APPICON_NAME = AppIcon;
				CODE_SIGN_ENTITLEMENTS = TakuzuOSX/TakuzuOSX.entitlements;
				CODE_SIGN_IDENTITY = "Mac Developer";
				CODE_SIGN_STYLE = Automatic;
				COMBINE_HIDPI_IMAGES = YES;
				DEVELOPMENT_TEAM = 6R6NEH26ZQ;
				INFOPLIST_FILE = TakuzuOSX/Info.plist;
				LD_RUNPATH_SEARCH_PATHS = (
					"$(inherited)",
					"@executable_path/../Frameworks",
				);
				MACOSX_DEPLOYMENT_TARGET = 10.13;
				PRODUCT_BUNDLE_IDENTIFIER = "info.isaksson.erland.Takuzu-osx-beta";
				PRODUCT_NAME = "$(TARGET_NAME)";
				SDKROOT = macosx;
				SWIFT_VERSION = 4.2;
			};
			name = Debug;
		};
		DC38158B2303D23D00590EAA /* Release */ = {
			isa = XCBuildConfiguration;
			buildSettings = {
				ASSETCATALOG_COMPILER_APPICON_NAME = AppIcon;
				CODE_SIGN_ENTITLEMENTS = TakuzuOSX/TakuzuOSX.entitlements;
				CODE_SIGN_IDENTITY = "Mac Developer";
				CODE_SIGN_STYLE = Automatic;
				COMBINE_HIDPI_IMAGES = YES;
				DEVELOPMENT_TEAM = 6R6NEH26ZQ;
				INFOPLIST_FILE = TakuzuOSX/Info.plist;
				LD_RUNPATH_SEARCH_PATHS = (
					"$(inherited)",
					"@executable_path/../Frameworks",
				);
				MACOSX_DEPLOYMENT_TARGET = 10.13;
				PRODUCT_BUNDLE_IDENTIFIER = "info.isaksson.erland.Takuzu-osx-beta";
				PRODUCT_NAME = "$(TARGET_NAME)";
				SDKROOT = macosx;
				SWIFT_VERSION = 4.2;
			};
			name = Release;
		};
/* End XCBuildConfiguration section */

/* Begin XCConfigurationList section */
		DC3814A322FEA28400590EAA /* Build configuration list for PBXProject "Takuzu" */ = {
			isa = XCConfigurationList;
			buildConfigurations = (
				DC3814BE22FEA28500590EAA /* Debug */,
				DC3814BF22FEA28500590EAA /* Release */,
			);
			defaultConfigurationIsVisible = 0;
			defaultConfigurationName = Release;
		};
		DC3814C022FEA28500590EAA /* Build configuration list for PBXNativeTarget "Takuzu" */ = {
			isa = XCConfigurationList;
			buildConfigurations = (
				DC3814C122FEA28500590EAA /* Debug */,
				DC3814C222FEA28500590EAA /* Release */,
			);
			defaultConfigurationIsVisible = 0;
			defaultConfigurationName = Release;
		};
		DC3815432301466A00590EAA /* Build configuration list for PBXNativeTarget "TakuzuTests" */ = {
			isa = XCConfigurationList;
			buildConfigurations = (
				DC3815442301466A00590EAA /* Debug */,
				DC3815452301466A00590EAA /* Release */,
			);
			defaultConfigurationIsVisible = 0;
			defaultConfigurationName = Release;
		};
		DC3815892303D23D00590EAA /* Build configuration list for PBXNativeTarget "TakuzuOSX" */ = {
			isa = XCConfigurationList;
			buildConfigurations = (
				DC38158A2303D23D00590EAA /* Debug */,
				DC38158B2303D23D00590EAA /* Release */,
			);
			defaultConfigurationIsVisible = 0;
			defaultConfigurationName = Release;
		};
/* End XCConfigurationList section */
	};
	rootObject = DC3814A022FEA28400590EAA /* Project object */;
}
